
Microsoft Visual Studio Solution File, Format Version 12.00
# Visual Studio Version 17
VisualStudioVersion = 17.6.33829.357
MinimumVisualStudioVersion = 10.0.40219.1
Project("{9A19103F-16F7-4668-BE54-9A1E7A4F7556}") = "MarketDataApi.Wrapper", "Api.Wrapper\MarketDataApi.Wrapper.csproj", "{1B9DE55F-6851-423D-9223-48808266D741}"
EndProject
Project("{9A19103F-16F7-4668-BE54-9A1E7A4F7556}") = "MarketDataApi.Testing", "Api.Testing\MarketDataApi.Testing.csproj", "{10AC5A37-5728-4D06-925C-B19F121F691D}"
EndProject
Global
	GlobalSection(SolutionConfigurationPlatforms) = preSolution
		Debug|Any CPU = Debug|Any CPU
		Release|Any CPU = Release|Any CPU
	EndGlobalSection
	GlobalSection(ProjectConfigurationPlatforms) = postSolution
		{1B9DE55F-6851-423D-9223-48808266D741}.Debug|Any CPU.ActiveCfg = Debug|Any CPU
		{1B9DE55F-6851-423D-9223-48808266D741}.Debug|Any CPU.Build.0 = Debug|Any CPU
		{1B9DE55F-6851-423D-9223-48808266D741}.Release|Any CPU.ActiveCfg = Release|Any CPU
		{1B9DE55F-6851-423D-9223-48808266D741}.Release|Any CPU.Build.0 = Release|Any CPU
		{10AC5A37-5728-4D06-925C-B19F121F691D}.Debug|Any CPU.ActiveCfg = Debug|Any CPU
		{10AC5A37-5728-4D06-925C-B19F121F691D}.Debug|Any CPU.Build.0 = Debug|Any CPU
		{10AC5A37-5728-4D06-925C-B19F121F691D}.Release|Any CPU.ActiveCfg = Release|Any CPU
		{10AC5A37-5728-4D06-925C-B19F121F691D}.Release|Any CPU.Build.0 = Release|Any CPU
	EndGlobalSection
	GlobalSection(SolutionProperties) = preSolution
		HideSolutionNode = FALSE
	EndGlobalSection
	GlobalSection(ExtensibilityGlobals) = postSolution
		SolutionGuid = {A619646F-4FC6-4EA0-8493-74E590D34C29}
	EndGlobalSection
EndGlobal
